// !$*UTF8*$!
{
	archiveVersion = 1;
	classes = {
	};
	objectVersion = 56;
	objects = {

/* Begin PBXBuildFile section */
		B3560BD62BF8AC18004D9669 /* UserCellTableViewCell.swift in Sources */ = {isa = PBXBuildFile; fileRef = B3560BD42BF8AC18004D9669 /* UserCellTableViewCell.swift */; };
		B3560BD72BF8AC18004D9669 /* UserCellTableViewCell.xib in Resources */ = {isa = PBXBuildFile; fileRef = B3560BD52BF8AC18004D9669 /* UserCellTableViewCell.xib */; };
		B3560BD92BFBC836004D9669 /* MessageListViewController.swift in Sources */ = {isa = PBXBuildFile; fileRef = B3560BD82BFBC836004D9669 /* MessageListViewController.swift */; };
		B3560BDB2BFBC873004D9669 /* ChatViewController.swift in Sources */ = {isa = PBXBuildFile; fileRef = B3560BDA2BFBC873004D9669 /* ChatViewController.swift */; };
		B367122C2BD98E7F0013A2EE /* WeatherModel.swift in Sources */ = {isa = PBXBuildFile; fileRef = B367122B2BD98E7F0013A2EE /* WeatherModel.swift */; };
		B367122E2BD98EA20013A2EE /* WeatherData.swift in Sources */ = {isa = PBXBuildFile; fileRef = B367122D2BD98EA20013A2EE /* WeatherData.swift */; };
		B36712302BD98EBC0013A2EE /* WeatherManager.swift in Sources */ = {isa = PBXBuildFile; fileRef = B367122F2BD98EBC0013A2EE /* WeatherManager.swift */; };
		B3720B452BC5497A0005BDF9 /* AppDelegate.swift in Sources */ = {isa = PBXBuildFile; fileRef = B3720B442BC5497A0005BDF9 /* AppDelegate.swift */; };
		B3720B472BC5497A0005BDF9 /* SceneDelegate.swift in Sources */ = {isa = PBXBuildFile; fileRef = B3720B462BC5497A0005BDF9 /* SceneDelegate.swift */; };
		B3720B492BC5497A0005BDF9 /* WelcomeViewController.swift in Sources */ = {isa = PBXBuildFile; fileRef = B3720B482BC5497A0005BDF9 /* WelcomeViewController.swift */; };
		B3720B4C2BC5497A0005BDF9 /* Main.storyboard in Resources */ = {isa = PBXBuildFile; fileRef = B3720B4A2BC5497A0005BDF9 /* Main.storyboard */; };
		B3720B4E2BC5497C0005BDF9 /* Assets.xcassets in Resources */ = {isa = PBXBuildFile; fileRef = B3720B4D2BC5497C0005BDF9 /* Assets.xcassets */; };
		B3720B512BC5497C0005BDF9 /* LaunchScreen.storyboard in Resources */ = {isa = PBXBuildFile; fileRef = B3720B4F2BC5497C0005BDF9 /* LaunchScreen.storyboard */; };
		B3720B652BC870F50005BDF9 /* MainViewController.swift in Sources */ = {isa = PBXBuildFile; fileRef = B3720B642BC870F50005BDF9 /* MainViewController.swift */; };
		B3720B672BCCCC230005BDF9 /* GoogleService-Info.plist in Resources */ = {isa = PBXBuildFile; fileRef = B3720B662BCCCC230005BDF9 /* GoogleService-Info.plist */; };
		B3720B6A2BD058760005BDF9 /* ErrorHandlerForRegLogVC.swift in Sources */ = {isa = PBXBuildFile; fileRef = B3720B692BD058760005BDF9 /* ErrorHandlerForRegLogVC.swift */; };
		B3720B6E2BD6EA2F0005BDF9 /* WeatherViewController.swift in Sources */ = {isa = PBXBuildFile; fileRef = B3720B6D2BD6EA2F0005BDF9 /* WeatherViewController.swift */; };
		B3720B702BD6ED620005BDF9 /* ProfileViewController.swift in Sources */ = {isa = PBXBuildFile; fileRef = B3720B6F2BD6ED620005BDF9 /* ProfileViewController.swift */; };
		B3720B722BD6EFE90005BDF9 /* ImageViewController.swift in Sources */ = {isa = PBXBuildFile; fileRef = B3720B712BD6EFE90005BDF9 /* ImageViewController.swift */; };
		B3720B742BD6EFFD0005BDF9 /* UsersViewController.swift in Sources */ = {isa = PBXBuildFile; fileRef = B3720B732BD6EFFD0005BDF9 /* UsersViewController.swift */; };
		B3720B762BD6F00C0005BDF9 /* MapViewController.swift in Sources */ = {isa = PBXBuildFile; fileRef = B3720B752BD6F00C0005BDF9 /* MapViewController.swift */; };
		B37AA94E2BEFF3970023EEA6 /* Item.swift in Sources */ = {isa = PBXBuildFile; fileRef = B37AA94D2BEFF3970023EEA6 /* Item.swift */; };
		B3DC93062BDEA0E50091B786 /* ToDoViewController.swift in Sources */ = {isa = PBXBuildFile; fileRef = B3DC93052BDEA0E50091B786 /* ToDoViewController.swift */; };
		B3DC93082BE22C460091B786 /* CorrectProfileViewController.swift in Sources */ = {isa = PBXBuildFile; fileRef = B3DC93072BE22C460091B786 /* CorrectProfileViewController.swift */; };
		F2EF5D5E6A74C3B3A435EA0E /* Pods_FoodGolik.framework in Frameworks */ = {isa = PBXBuildFile; fileRef = B9CBE6CAD0479445B071FAF8 /* Pods_FoodGolik.framework */; };
/* End PBXBuildFile section */

/* Begin PBXFileReference section */
		2065B4B5F8032C9BD887B6F6 /* Pods-FoodGolik.release.xcconfig */ = {isa = PBXFileReference; includeInIndex = 1; lastKnownFileType = text.xcconfig; name = "Pods-FoodGolik.release.xcconfig"; path = "Target Support Files/Pods-FoodGolik/Pods-FoodGolik.release.xcconfig"; sourceTree = "<group>"; };
		2DE4B452EFA57A117F7CE7E4 /* Pods-FoodGolik.debug.xcconfig */ = {isa = PBXFileReference; includeInIndex = 1; lastKnownFileType = text.xcconfig; name = "Pods-FoodGolik.debug.xcconfig"; path = "Target Support Files/Pods-FoodGolik/Pods-FoodGolik.debug.xcconfig"; sourceTree = "<group>"; };
		B3560BD42BF8AC18004D9669 /* UserCellTableViewCell.swift */ = {isa = PBXFileReference; lastKnownFileType = sourcecode.swift; path = UserCellTableViewCell.swift; sourceTree = "<group>"; };
		B3560BD52BF8AC18004D9669 /* UserCellTableViewCell.xib */ = {isa = PBXFileReference; lastKnownFileType = file.xib; path = UserCellTableViewCell.xib; sourceTree = "<group>"; };
		B3560BD82BFBC836004D9669 /* MessageListViewController.swift */ = {isa = PBXFileReference; lastKnownFileType = sourcecode.swift; path = MessageListViewController.swift; sourceTree = "<group>"; };
		B3560BDA2BFBC873004D9669 /* ChatViewController.swift */ = {isa = PBXFileReference; lastKnownFileType = sourcecode.swift; path = ChatViewController.swift; sourceTree = "<group>"; };
		B367122B2BD98E7F0013A2EE /* WeatherModel.swift */ = {isa = PBXFileReference; lastKnownFileType = sourcecode.swift; path = WeatherModel.swift; sourceTree = "<group>"; };
		B367122D2BD98EA20013A2EE /* WeatherData.swift */ = {isa = PBXFileReference; lastKnownFileType = sourcecode.swift; path = WeatherData.swift; sourceTree = "<group>"; };
		B367122F2BD98EBC0013A2EE /* WeatherManager.swift */ = {isa = PBXFileReference; lastKnownFileType = sourcecode.swift; path = WeatherManager.swift; sourceTree = "<group>"; };
		B3720B412BC5497A0005BDF9 /* FoodGolik.app */ = {isa = PBXFileReference; explicitFileType = wrapper.application; includeInIndex = 0; path = FoodGolik.app; sourceTree = BUILT_PRODUCTS_DIR; };
		B3720B442BC5497A0005BDF9 /* AppDelegate.swift */ = {isa = PBXFileReference; lastKnownFileType = sourcecode.swift; path = AppDelegate.swift; sourceTree = "<group>"; };
		B3720B462BC5497A0005BDF9 /* SceneDelegate.swift */ = {isa = PBXFileReference; lastKnownFileType = sourcecode.swift; path = SceneDelegate.swift; sourceTree = "<group>"; };
		B3720B482BC5497A0005BDF9 /* WelcomeViewController.swift */ = {isa = PBXFileReference; lastKnownFileType = sourcecode.swift; path = WelcomeViewController.swift; sourceTree = "<group>"; };
		B3720B4B2BC5497A0005BDF9 /* Base */ = {isa = PBXFileReference; lastKnownFileType = file.storyboard; name = Base; path = Base.lproj/Main.storyboard; sourceTree = "<group>"; };
		B3720B4D2BC5497C0005BDF9 /* Assets.xcassets */ = {isa = PBXFileReference; lastKnownFileType = folder.assetcatalog; path = Assets.xcassets; sourceTree = "<group>"; };
		B3720B502BC5497C0005BDF9 /* Base */ = {isa = PBXFileReference; lastKnownFileType = file.storyboard; name = Base; path = Base.lproj/LaunchScreen.storyboard; sourceTree = "<group>"; };
		B3720B522BC5497C0005BDF9 /* Info.plist */ = {isa = PBXFileReference; lastKnownFileType = text.plist.xml; path = Info.plist; sourceTree = "<group>"; };
		B3720B642BC870F50005BDF9 /* MainViewController.swift */ = {isa = PBXFileReference; lastKnownFileType = sourcecode.swift; path = MainViewController.swift; sourceTree = "<group>"; };
		B3720B662BCCCC230005BDF9 /* GoogleService-Info.plist */ = {isa = PBXFileReference; fileEncoding = 4; lastKnownFileType = text.plist.xml; path = "GoogleService-Info.plist"; sourceTree = "<group>"; };
		B3720B692BD058760005BDF9 /* ErrorHandlerForRegLogVC.swift */ = {isa = PBXFileReference; lastKnownFileType = sourcecode.swift; path = ErrorHandlerForRegLogVC.swift; sourceTree = "<group>"; };
		B3720B6D2BD6EA2F0005BDF9 /* WeatherViewController.swift */ = {isa = PBXFileReference; lastKnownFileType = sourcecode.swift; path = WeatherViewController.swift; sourceTree = "<group>"; };
		B3720B6F2BD6ED620005BDF9 /* ProfileViewController.swift */ = {isa = PBXFileReference; lastKnownFileType = sourcecode.swift; path = ProfileViewController.swift; sourceTree = "<group>"; };
		B3720B712BD6EFE90005BDF9 /* ImageViewController.swift */ = {isa = PBXFileReference; lastKnownFileType = sourcecode.swift; path = ImageViewController.swift; sourceTree = "<group>"; };
		B3720B732BD6EFFD0005BDF9 /* UsersViewController.swift */ = {isa = PBXFileReference; lastKnownFileType = sourcecode.swift; path = UsersViewController.swift; sourceTree = "<group>"; };
		B3720B752BD6F00C0005BDF9 /* MapViewController.swift */ = {isa = PBXFileReference; lastKnownFileType = sourcecode.swift; path = MapViewController.swift; sourceTree = "<group>"; };
		B37AA94D2BEFF3970023EEA6 /* Item.swift */ = {isa = PBXFileReference; lastKnownFileType = sourcecode.swift; path = Item.swift; sourceTree = "<group>"; };
		B3DC93052BDEA0E50091B786 /* ToDoViewController.swift */ = {isa = PBXFileReference; lastKnownFileType = sourcecode.swift; path = ToDoViewController.swift; sourceTree = "<group>"; };
		B3DC93072BE22C460091B786 /* CorrectProfileViewController.swift */ = {isa = PBXFileReference; lastKnownFileType = sourcecode.swift; path = CorrectProfileViewController.swift; sourceTree = "<group>"; };
		B9CBE6CAD0479445B071FAF8 /* Pods_FoodGolik.framework */ = {isa = PBXFileReference; explicitFileType = wrapper.framework; includeInIndex = 0; path = Pods_FoodGolik.framework; sourceTree = BUILT_PRODUCTS_DIR; };
/* End PBXFileReference section */

/* Begin PBXFrameworksBuildPhase section */
		B3720B3E2BC5497A0005BDF9 /* Frameworks */ = {
			isa = PBXFrameworksBuildPhase;
			buildActionMask = 2147483647;
			files = (
				F2EF5D5E6A74C3B3A435EA0E /* Pods_FoodGolik.framework in Frameworks */,
			);
			runOnlyForDeploymentPostprocessing = 0;
		};
/* End PBXFrameworksBuildPhase section */

/* Begin PBXGroup section */
		9D8357D32FBC05DC4A332120 /* Frameworks */ = {
			isa = PBXGroup;
			children = (
				B9CBE6CAD0479445B071FAF8 /* Pods_FoodGolik.framework */,
			);
			name = Frameworks;
			sourceTree = "<group>";
		};
		B3560BD32BF8AB03004D9669 /* Users */ = {
			isa = PBXGroup;
			children = (
				B3560BD42BF8AC18004D9669 /* UserCellTableViewCell.swift */,
				B3560BD52BF8AC18004D9669 /* UserCellTableViewCell.xib */,
			);
			path = Users;
			sourceTree = "<group>";
		};
		B3720B382BC5497A0005BDF9 = {
			isa = PBXGroup;
			children = (
				B3720B432BC5497A0005BDF9 /* FoodGolik */,
				B3720B422BC5497A0005BDF9 /* Products */,
				C4961D8A7D51FA2E1FE64904 /* Pods */,
				9D8357D32FBC05DC4A332120 /* Frameworks */,
			);
			sourceTree = "<group>";
		};
		B3720B422BC5497A0005BDF9 /* Products */ = {
			isa = PBXGroup;
			children = (
				B3720B412BC5497A0005BDF9 /* FoodGolik.app */,
			);
			name = Products;
			sourceTree = "<group>";
		};
		B3720B432BC5497A0005BDF9 /* FoodGolik */ = {
			isa = PBXGroup;
			children = (
				B3DC93042BDEA0AD0091B786 /* ToDo */,
				B3720B682BD058220005BDF9 /* Constants */,
				B3720B772BD6F0210005BDF9 /* Welcome */,
				B3720B782BD6F0360005BDF9 /* Main */,
				B3720B792BD6F1590005BDF9 /* Profile */,
				B3720B7A2BD6F1650005BDF9 /* Image */,
				B3720B7B2BD6F1700005BDF9 /* Chat */,
				B3720B7C2BD6F17A0005BDF9 /* Map */,
				B3720B6C2BD2FEBD0005BDF9 /* Weather */,
				B3720B602BC720E40005BDF9 /* Resources */,
				B3720B5F2BC720B80005BDF9 /* Application */,
			);
			path = FoodGolik;
			sourceTree = "<group>";
		};
		B3720B5F2BC720B80005BDF9 /* Application */ = {
			isa = PBXGroup;
			children = (
				B3720B462BC5497A0005BDF9 /* SceneDelegate.swift */,
				B3720B442BC5497A0005BDF9 /* AppDelegate.swift */,
			);
			path = Application;
			sourceTree = "<group>";
		};
		B3720B602BC720E40005BDF9 /* Resources */ = {
			isa = PBXGroup;
			children = (
				B3720B522BC5497C0005BDF9 /* Info.plist */,
				B3720B662BCCCC230005BDF9 /* GoogleService-Info.plist */,
				B3720B4F2BC5497C0005BDF9 /* LaunchScreen.storyboard */,
				B3720B4D2BC5497C0005BDF9 /* Assets.xcassets */,
			);
			path = Resources;
			sourceTree = "<group>";
		};
		B3720B682BD058220005BDF9 /* Constants */ = {
			isa = PBXGroup;
			children = (
				B3720B692BD058760005BDF9 /* ErrorHandlerForRegLogVC.swift */,
			);
			path = Constants;
			sourceTree = "<group>";
		};
		B3720B6C2BD2FEBD0005BDF9 /* Weather */ = {
			isa = PBXGroup;
			children = (
				B3720B6D2BD6EA2F0005BDF9 /* WeatherViewController.swift */,
				B367122B2BD98E7F0013A2EE /* WeatherModel.swift */,
				B367122D2BD98EA20013A2EE /* WeatherData.swift */,
				B367122F2BD98EBC0013A2EE /* WeatherManager.swift */,
			);
			path = Weather;
			sourceTree = "<group>";
		};
		B3720B772BD6F0210005BDF9 /* Welcome */ = {
			isa = PBXGroup;
			children = (
				B3720B482BC5497A0005BDF9 /* WelcomeViewController.swift */,
			);
			path = Welcome;
			sourceTree = "<group>";
		};
		B3720B782BD6F0360005BDF9 /* Main */ = {
			isa = PBXGroup;
			children = (
				B3720B642BC870F50005BDF9 /* MainViewController.swift */,
				B3720B4A2BC5497A0005BDF9 /* Main.storyboard */,
			);
			path = Main;
			sourceTree = "<group>";
		};
		B3720B792BD6F1590005BDF9 /* Profile */ = {
			isa = PBXGroup;
			children = (
				B3720B6F2BD6ED620005BDF9 /* ProfileViewController.swift */,
				B3DC93072BE22C460091B786 /* CorrectProfileViewController.swift */,
			);
			path = Profile;
			sourceTree = "<group>";
		};
		B3720B7A2BD6F1650005BDF9 /* Image */ = {
			isa = PBXGroup;
			children = (
				B3720B712BD6EFE90005BDF9 /* ImageViewController.swift */,
			);
			path = Image;
			sourceTree = "<group>";
		};
		B3720B7B2BD6F1700005BDF9 /* Chat */ = {
			isa = PBXGroup;
			children = (
				B3560BD32BF8AB03004D9669 /* Users */,
				B3720B732BD6EFFD0005BDF9 /* UsersViewController.swift */,
				B3560BD82BFBC836004D9669 /* MessageListViewController.swift */,
				B3560BDA2BFBC873004D9669 /* ChatViewController.swift */,
			);
			path = Chat;
			sourceTree = "<group>";
		};
		B3720B7C2BD6F17A0005BDF9 /* Map */ = {
			isa = PBXGroup;
			children = (
				B3720B752BD6F00C0005BDF9 /* MapViewController.swift */,
			);
			path = Map;
			sourceTree = "<group>";
		};
		B3DC93042BDEA0AD0091B786 /* ToDo */ = {
			isa = PBXGroup;
			children = (
				B3DC93052BDEA0E50091B786 /* ToDoViewController.swift */,
				B37AA94D2BEFF3970023EEA6 /* Item.swift */,
			);
			path = ToDo;
			sourceTree = "<group>";
		};
		C4961D8A7D51FA2E1FE64904 /* Pods */ = {
			isa = PBXGroup;
			children = (
				2DE4B452EFA57A117F7CE7E4 /* Pods-FoodGolik.debug.xcconfig */,
				2065B4B5F8032C9BD887B6F6 /* Pods-FoodGolik.release.xcconfig */,
			);
			path = Pods;
			sourceTree = "<group>";
		};
/* End PBXGroup section */

/* Begin PBXNativeTarget section */
		B3720B402BC5497A0005BDF9 /* FoodGolik */ = {
			isa = PBXNativeTarget;
			buildConfigurationList = B3720B552BC5497C0005BDF9 /* Build configuration list for PBXNativeTarget "FoodGolik" */;
			buildPhases = (
				0FF9A68DF761F7078D80065A /* [CP] Check Pods Manifest.lock */,
				B3720B3D2BC5497A0005BDF9 /* Sources */,
				B3720B3E2BC5497A0005BDF9 /* Frameworks */,
				B3720B3F2BC5497A0005BDF9 /* Resources */,
				9B890416D89B6799DBBBE1DF /* [CP] Embed Pods Frameworks */,
			);
			buildRules = (
			);
			dependencies = (
			);
			name = FoodGolik;
			packageProductDependencies = (
			);
			productName = FoodGolik;
			productReference = B3720B412BC5497A0005BDF9 /* FoodGolik.app */;
			productType = "com.apple.product-type.application";
		};
/* End PBXNativeTarget section */

/* Begin PBXProject section */
		B3720B392BC5497A0005BDF9 /* Project object */ = {
			isa = PBXProject;
			attributes = {
				BuildIndependentTargetsInParallel = 1;
				LastSwiftUpdateCheck = 1510;
				LastUpgradeCheck = 1510;
				TargetAttributes = {
					B3720B402BC5497A0005BDF9 = {
						CreatedOnToolsVersion = 15.1;
					};
				};
			};
			buildConfigurationList = B3720B3C2BC5497A0005BDF9 /* Build configuration list for PBXProject "FoodGolik" */;
			compatibilityVersion = "Xcode 14.0";
			developmentRegion = en;
			hasScannedForEncodings = 0;
			knownRegions = (
				en,
				Base,
			);
			mainGroup = B3720B382BC5497A0005BDF9;
			packageReferences = (
			);
			productRefGroup = B3720B422BC5497A0005BDF9 /* Products */;
			projectDirPath = "";
			projectRoot = "";
			targets = (
				B3720B402BC5497A0005BDF9 /* FoodGolik */,
			);
		};
/* End PBXProject section */

/* Begin PBXResourcesBuildPhase section */
		B3720B3F2BC5497A0005BDF9 /* Resources */ = {
			isa = PBXResourcesBuildPhase;
			buildActionMask = 2147483647;
			files = (
				B3560BD72BF8AC18004D9669 /* UserCellTableViewCell.xib in Resources */,
				B3720B512BC5497C0005BDF9 /* LaunchScreen.storyboard in Resources */,
				B3720B672BCCCC230005BDF9 /* GoogleService-Info.plist in Resources */,
				B3720B4E2BC5497C0005BDF9 /* Assets.xcassets in Resources */,
				B3720B4C2BC5497A0005BDF9 /* Main.storyboard in Resources */,
			);
			runOnlyForDeploymentPostprocessing = 0;
		};
/* End PBXResourcesBuildPhase section */

/* Begin PBXShellScriptBuildPhase section */
		0FF9A68DF761F7078D80065A /* [CP] Check Pods Manifest.lock */ = {
			isa = PBXShellScriptBuildPhase;
			buildActionMask = 2147483647;
			files = (
			);
			inputFileListPaths = (
			);
			inputPaths = (
				"${PODS_PODFILE_DIR_PATH}/Podfile.lock",
				"${PODS_ROOT}/Manifest.lock",
			);
			name = "[CP] Check Pods Manifest.lock";
			outputFileListPaths = (
			);
			outputPaths = (
				"$(DERIVED_FILE_DIR)/Pods-FoodGolik-checkManifestLockResult.txt",
			);
			runOnlyForDeploymentPostprocessing = 0;
			shellPath = /bin/sh;
			shellScript = "diff \"${PODS_PODFILE_DIR_PATH}/Podfile.lock\" \"${PODS_ROOT}/Manifest.lock\" > /dev/null\nif [ $? != 0 ] ; then\n    # print error to STDERR\n    echo \"error: The sandbox is not in sync with the Podfile.lock. Run 'pod install' or update your CocoaPods installation.\" >&2\n    exit 1\nfi\n# This output is used by Xcode 'outputs' to avoid re-running this script phase.\necho \"SUCCESS\" > \"${SCRIPT_OUTPUT_FILE_0}\"\n";
			showEnvVarsInLog = 0;
		};
		9B890416D89B6799DBBBE1DF /* [CP] Embed Pods Frameworks */ = {
			isa = PBXShellScriptBuildPhase;
			buildActionMask = 2147483647;
			files = (
			);
			inputFileListPaths = (
				"${PODS_ROOT}/Target Support Files/Pods-FoodGolik/Pods-FoodGolik-frameworks-${CONFIGURATION}-input-files.xcfilelist",
			);
			name = "[CP] Embed Pods Frameworks";
			outputFileListPaths = (
				"${PODS_ROOT}/Target Support Files/Pods-FoodGolik/Pods-FoodGolik-frameworks-${CONFIGURATION}-output-files.xcfilelist",
			);
			runOnlyForDeploymentPostprocessing = 0;
			shellPath = /bin/sh;
			shellScript = "\"${PODS_ROOT}/Target Support Files/Pods-FoodGolik/Pods-FoodGolik-frameworks.sh\"\n";
			showEnvVarsInLog = 0;
		};
/* End PBXShellScriptBuildPhase section */

/* Begin PBXSourcesBuildPhase section */
		B3720B3D2BC5497A0005BDF9 /* Sources */ = {
			isa = PBXSourcesBuildPhase;
			buildActionMask = 2147483647;
			files = (
				B3720B492BC5497A0005BDF9 /* WelcomeViewController.swift in Sources */,
				B3720B6E2BD6EA2F0005BDF9 /* WeatherViewController.swift in Sources */,
				B3720B6A2BD058760005BDF9 /* ErrorHandlerForRegLogVC.swift in Sources */,
				B3560BD62BF8AC18004D9669 /* UserCellTableViewCell.swift in Sources */,
				B3DC93082BE22C460091B786 /* CorrectProfileViewController.swift in Sources */,
				B3560BD92BFBC836004D9669 /* MessageListViewController.swift in Sources */,
				B37AA94E2BEFF3970023EEA6 /* Item.swift in Sources */,
				B3720B762BD6F00C0005BDF9 /* MapViewController.swift in Sources */,
				B36712302BD98EBC0013A2EE /* WeatherManager.swift in Sources */,
				B3560BDB2BFBC873004D9669 /* ChatViewController.swift in Sources */,
				B3720B452BC5497A0005BDF9 /* AppDelegate.swift in Sources */,
				B3DC93062BDEA0E50091B786 /* ToDoViewController.swift in Sources */,
				B3720B702BD6ED620005BDF9 /* ProfileViewController.swift in Sources */,
				B3720B472BC5497A0005BDF9 /* SceneDelegate.swift in Sources */,
				B3720B722BD6EFE90005BDF9 /* ImageViewController.swift in Sources */,
				B3720B742BD6EFFD0005BDF9 /* UsersViewController.swift in Sources */,
				B3720B652BC870F50005BDF9 /* MainViewController.swift in Sources */,
				B367122E2BD98EA20013A2EE /* WeatherData.swift in Sources */,
				B367122C2BD98E7F0013A2EE /* WeatherModel.swift in Sources */,
			);
			runOnlyForDeploymentPostprocessing = 0;
		};
/* End PBXSourcesBuildPhase section */

/* Begin PBXVariantGroup section */
		B3720B4A2BC5497A0005BDF9 /* Main.storyboard */ = {
			isa = PBXVariantGroup;
			children = (
				B3720B4B2BC5497A0005BDF9 /* Base */,
			);
			name = Main.storyboard;
			sourceTree = "<group>";
		};
		B3720B4F2BC5497C0005BDF9 /* LaunchScreen.storyboard */ = {
			isa = PBXVariantGroup;
			children = (
				B3720B502BC5497C0005BDF9 /* Base */,
			);
			name = LaunchScreen.storyboard;
			sourceTree = "<group>";
		};
/* End PBXVariantGroup section */

/* Begin XCBuildConfiguration section */
		B3720B532BC5497C0005BDF9 /* Debug */ = {
			isa = XCBuildConfiguration;
			buildSettings = {
				ALWAYS_SEARCH_USER_PATHS = NO;
				ASSETCATALOG_COMPILER_GENERATE_SWIFT_ASSET_SYMBOL_EXTENSIONS = YES;
				CLANG_ANALYZER_NONNULL = YES;
				CLANG_ANALYZER_NUMBER_OBJECT_CONVERSION = YES_AGGRESSIVE;
				CLANG_CXX_LANGUAGE_STANDARD = "gnu++20";
				CLANG_ENABLE_MODULES = YES;
				CLANG_ENABLE_OBJC_ARC = YES;
				CLANG_ENABLE_OBJC_WEAK = YES;
				CLANG_WARN_BLOCK_CAPTURE_AUTORELEASING = YES;
				CLANG_WARN_BOOL_CONVERSION = YES;
				CLANG_WARN_COMMA = YES;
				CLANG_WARN_CONSTANT_CONVERSION = YES;
				CLANG_WARN_DEPRECATED_OBJC_IMPLEMENTATIONS = YES;
				CLANG_WARN_DIRECT_OBJC_ISA_USAGE = YES_ERROR;
				CLANG_WARN_DOCUMENTATION_COMMENTS = YES;
				CLANG_WARN_EMPTY_BODY = YES;
				CLANG_WARN_ENUM_CONVERSION = YES;
				CLANG_WARN_INFINITE_RECURSION = YES;
				CLANG_WARN_INT_CONVERSION = YES;
				CLANG_WARN_NON_LITERAL_NULL_CONVERSION = YES;
				CLANG_WARN_OBJC_IMPLICIT_RETAIN_SELF = YES;
				CLANG_WARN_OBJC_LITERAL_CONVERSION = YES;
				CLANG_WARN_OBJC_ROOT_CLASS = YES_ERROR;
				CLANG_WARN_QUOTED_INCLUDE_IN_FRAMEWORK_HEADER = YES;
				CLANG_WARN_RANGE_LOOP_ANALYSIS = YES;
				CLANG_WARN_STRICT_PROTOTYPES = YES;
				CLANG_WARN_SUSPICIOUS_MOVE = YES;
				CLANG_WARN_UNGUARDED_AVAILABILITY = YES_AGGRESSIVE;
				CLANG_WARN_UNREACHABLE_CODE = YES;
				CLANG_WARN__DUPLICATE_METHOD_MATCH = YES;
				COPY_PHASE_STRIP = NO;
				DEBUG_INFORMATION_FORMAT = dwarf;
				ENABLE_STRICT_OBJC_MSGSEND = YES;
				ENABLE_TESTABILITY = YES;
				ENABLE_USER_SCRIPT_SANDBOXING = YES;
				GCC_C_LANGUAGE_STANDARD = gnu17;
				GCC_DYNAMIC_NO_PIC = NO;
				GCC_NO_COMMON_BLOCKS = YES;
				GCC_OPTIMIZATION_LEVEL = 0;
				GCC_PREPROCESSOR_DEFINITIONS = (
					"DEBUG=1",
					"$(inherited)",
				);
				GCC_WARN_64_TO_32_BIT_CONVERSION = YES;
				GCC_WARN_ABOUT_RETURN_TYPE = YES_ERROR;
				GCC_WARN_UNDECLARED_SELECTOR = YES;
				GCC_WARN_UNINITIALIZED_AUTOS = YES_AGGRESSIVE;
				GCC_WARN_UNUSED_FUNCTION = YES;
				GCC_WARN_UNUSED_VARIABLE = YES;
				IPHONEOS_DEPLOYMENT_TARGET = 17.2;
				LOCALIZATION_PREFERS_STRING_CATALOGS = YES;
				MTL_ENABLE_DEBUG_INFO = INCLUDE_SOURCE;
				MTL_FAST_MATH = YES;
				ONLY_ACTIVE_ARCH = YES;
				SDKROOT = iphoneos;
				SWIFT_ACTIVE_COMPILATION_CONDITIONS = "DEBUG $(inherited)";
				SWIFT_OPTIMIZATION_LEVEL = "-Onone";
			};
			name = Debug;
		};
		B3720B542BC5497C0005BDF9 /* Release */ = {
			isa = XCBuildConfiguration;
			buildSettings = {
				ALWAYS_SEARCH_USER_PATHS = NO;
				ASSETCATALOG_COMPILER_GENERATE_SWIFT_ASSET_SYMBOL_EXTENSIONS = YES;
				CLANG_ANALYZER_NONNULL = YES;
				CLANG_ANALYZER_NUMBER_OBJECT_CONVERSION = YES_AGGRESSIVE;
				CLANG_CXX_LANGUAGE_STANDARD = "gnu++20";
				CLANG_ENABLE_MODULES = YES;
				CLANG_ENABLE_OBJC_ARC = YES;
				CLANG_ENABLE_OBJC_WEAK = YES;
				CLANG_WARN_BLOCK_CAPTURE_AUTORELEASING = YES;
				CLANG_WARN_BOOL_CONVERSION = YES;
				CLANG_WARN_COMMA = YES;
				CLANG_WARN_CONSTANT_CONVERSION = YES;
				CLANG_WARN_DEPRECATED_OBJC_IMPLEMENTATIONS = YES;
				CLANG_WARN_DIRECT_OBJC_ISA_USAGE = YES_ERROR;
				CLANG_WARN_DOCUMENTATION_COMMENTS = YES;
				CLANG_WARN_EMPTY_BODY = YES;
				CLANG_WARN_ENUM_CONVERSION = YES;
				CLANG_WARN_INFINITE_RECURSION = YES;
				CLANG_WARN_INT_CONVERSION = YES;
				CLANG_WARN_NON_LITERAL_NULL_CONVERSION = YES;
				CLANG_WARN_OBJC_IMPLICIT_RETAIN_SELF = YES;
				CLANG_WARN_OBJC_LITERAL_CONVERSION = YES;
				CLANG_WARN_OBJC_ROOT_CLASS = YES_ERROR;
				CLANG_WARN_QUOTED_INCLUDE_IN_FRAMEWORK_HEADER = YES;
				CLANG_WARN_RANGE_LOOP_ANALYSIS = YES;
				CLANG_WARN_STRICT_PROTOTYPES = YES;
				CLANG_WARN_SUSPICIOUS_MOVE = YES;
				CLANG_WARN_UNGUARDED_AVAILABILITY = YES_AGGRESSIVE;
				CLANG_WARN_UNREACHABLE_CODE = YES;
				CLANG_WARN__DUPLICATE_METHOD_MATCH = YES;
				COPY_PHASE_STRIP = NO;
				DEBUG_INFORMATION_FORMAT = "dwarf-with-dsym";
				ENABLE_NS_ASSERTIONS = NO;
				ENABLE_STRICT_OBJC_MSGSEND = YES;
				ENABLE_USER_SCRIPT_SANDBOXING = YES;
				GCC_C_LANGUAGE_STANDARD = gnu17;
				GCC_NO_COMMON_BLOCKS = YES;
				GCC_WARN_64_TO_32_BIT_CONVERSION = YES;
				GCC_WARN_ABOUT_RETURN_TYPE = YES_ERROR;
				GCC_WARN_UNDECLARED_SELECTOR = YES;
				GCC_WARN_UNINITIALIZED_AUTOS = YES_AGGRESSIVE;
				GCC_WARN_UNUSED_FUNCTION = YES;
				GCC_WARN_UNUSED_VARIABLE = YES;
				IPHONEOS_DEPLOYMENT_TARGET = 17.2;
				LOCALIZATION_PREFERS_STRING_CATALOGS = YES;
				MTL_ENABLE_DEBUG_INFO = NO;
				MTL_FAST_MATH = YES;
				SDKROOT = iphoneos;
				SWIFT_COMPILATION_MODE = wholemodule;
				VALIDATE_PRODUCT = YES;
			};
			name = Release;
		};
		B3720B562BC5497C0005BDF9 /* Debug */ = {
			isa = XCBuildConfiguration;
			baseConfigurationReference = 2DE4B452EFA57A117F7CE7E4 /* Pods-FoodGolik.debug.xcconfig */;
			buildSettings = {
				ASSETCATALOG_COMPILER_APPICON_NAME = AppIcon;
				ASSETCATALOG_COMPILER_GLOBAL_ACCENT_COLOR_NAME = AccentColor;
				CODE_SIGN_STYLE = Automatic;
				CURRENT_PROJECT_VERSION = 1;
				DEVELOPMENT_TEAM = YMU6TYBZ5Q;
				ENABLE_USER_SCRIPT_SANDBOXING = NO;
				GENERATE_INFOPLIST_FILE = YES;
				INFOPLIST_FILE = FoodGolik/Resources/Info.plist;
				INFOPLIST_KEY_UIApplicationSupportsIndirectInputEvents = YES;
				INFOPLIST_KEY_UILaunchStoryboardName = LaunchScreen;
				INFOPLIST_KEY_UIMainStoryboardFile = Main;
				INFOPLIST_KEY_UISupportedInterfaceOrientations_iPad = "UIInterfaceOrientationPortrait UIInterfaceOrientationPortraitUpsideDown UIInterfaceOrientationLandscapeLeft UIInterfaceOrientationLandscapeRight";
				INFOPLIST_KEY_UISupportedInterfaceOrientations_iPhone = "UIInterfaceOrientationPortrait UIInterfaceOrientationLandscapeLeft UIInterfaceOrientationLandscapeRight";
				IPHONEOS_DEPLOYMENT_TARGET = 17.0;
				LD_RUNPATH_SEARCH_PATHS = (
					"$(inherited)",
					"@executable_path/Frameworks",
				);
				MARKETING_VERSION = 1.0;
				PRODUCT_BUNDLE_IDENTIFIER = AleksandrNovikov.HealthGolik;
				PRODUCT_NAME = "$(TARGET_NAME)";
				SWIFT_EMIT_LOC_STRINGS = YES;
				SWIFT_VERSION = 5.0;
				TARGETED_DEVICE_FAMILY = "1,2";
			};
			name = Debug;
		};
		B3720B572BC5497C0005BDF9 /* Release */ = {
			isa = XCBuildConfiguration;
			baseConfigurationReference = 2065B4B5F8032C9BD887B6F6 /* Pods-FoodGolik.release.xcconfig */;
			buildSettings = {
				ASSETCATALOG_COMPILER_APPICON_NAME = AppIcon;
				ASSETCATALOG_COMPILER_GLOBAL_ACCENT_COLOR_NAME = AccentColor;
				CODE_SIGN_STYLE = Automatic;
				CURRENT_PROJECT_VERSION = 1;
				DEVELOPMENT_TEAM = YMU6TYBZ5Q;
				ENABLE_USER_SCRIPT_SANDBOXING = NO;
				GENERATE_INFOPLIST_FILE = YES;
				INFOPLIST_FILE = FoodGolik/Resources/Info.plist;
				INFOPLIST_KEY_UIApplicationSupportsIndirectInputEvents = YES;
				INFOPLIST_KEY_UILaunchStoryboardName = LaunchScreen;
				INFOPLIST_KEY_UIMainStoryboardFile = Main;
				INFOPLIST_KEY_UISupportedInterfaceOrientations_iPad = "UIInterfaceOrientationPortrait UIInterfaceOrientationPortraitUpsideDown UIInterfaceOrientationLandscapeLeft UIInterfaceOrientationLandscapeRight";
				INFOPLIST_KEY_UISupportedInterfaceOrientations_iPhone = "UIInterfaceOrientationPortrait UIInterfaceOrientationLandscapeLeft UIInterfaceOrientationLandscapeRight";
				IPHONEOS_DEPLOYMENT_TARGET = 17.0;
				LD_RUNPATH_SEARCH_PATHS = (
					"$(inherited)",
					"@executable_path/Frameworks",
				);
				MARKETING_VERSION = 1.0;
				PRODUCT_BUNDLE_IDENTIFIER = AleksandrNovikov.HealthGolik;
				PRODUCT_NAME = "$(TARGET_NAME)";
				SWIFT_EMIT_LOC_STRINGS = YES;
				SWIFT_VERSION = 5.0;
				TARGETED_DEVICE_FAMILY = "1,2";
			};
			name = Release;
		};
/* End XCBuildConfiguration section */

/* Begin XCConfigurationList section */
		B3720B3C2BC5497A0005BDF9 /* Build configuration list for PBXProject "FoodGolik" */ = {
			isa = XCConfigurationList;
			buildConfigurations = (
				B3720B532BC5497C0005BDF9 /* Debug */,
				B3720B542BC5497C0005BDF9 /* Release */,
			);
			defaultConfigurationIsVisible = 0;
			defaultConfigurationName = Release;
		};
		B3720B552BC5497C0005BDF9 /* Build configuration list for PBXNativeTarget "FoodGolik" */ = {
			isa = XCConfigurationList;
			buildConfigurations = (
				B3720B562BC5497C0005BDF9 /* Debug */,
				B3720B572BC5497C0005BDF9 /* Release */,
			);
			defaultConfigurationIsVisible = 0;
			defaultConfigurationName = Release;
		};
/* End XCConfigurationList section */
	};
	rootObject = B3720B392BC5497A0005BDF9 /* Project object */;
}
